Microsoft Visual Studio Solution File, Format Version 12.00
# Visual Studio Version 17
VisualStudioVersion = 17.5.2.0
MinimumVisualStudioVersion = 10.0.40219.1
Project("{FAE04EC0-301F-11D3-BF4B-00C04F79EFBC}") = "Task_1", "Task_1\Task_1.csproj", "{8B726B25-5C5A-A7B8-62C5-FCDA09EB54B4}"
EndProject
Project("{2150E333-8FDC-42A3-9474-1A3956D46DE8}") = "Task_2", "Task_2", "{382E42F6-F66E-7E5E-2FC9-3C7716629967}"
EndProject
Project("{FAE04EC0-301F-11D3-BF4B-00C04F79EFBC}") = "Task_5", "Task_2\Task_5.csproj", "{C6D8B531-4721-C0C0-CECF-EEE5D98A2200}"
EndProject
Global
	GlobalSection(SolutionConfigurationPlatforms) = preSolution
		Debug|Any CPU = Debug|Any CPU
		Release|Any CPU = Release|Any CPU
	EndGlobalSection
	GlobalSection(ProjectConfigurationPlatforms) = postSolution
		{8B726B25-5C5A-A7B8-62C5-FCDA09EB54B4}.Debug|Any CPU.ActiveCfg = Debug|Any CPU
		{8B726B25-5C5A-A7B8-62C5-FCDA09EB54B4}.Debug|Any CPU.Build.0 = Debug|Any CPU
		{8B726B25-5C5A-A7B8-62C5-FCDA09EB54B4}.Release|Any CPU.ActiveCfg = Release|Any CPU
		{8B726B25-5C5A-A7B8-62C5-FCDA09EB54B4}.Release|Any CPU.Build.0 = Release|Any CPU
		{C6D8B531-4721-C0C0-CECF-EEE5D98A2200}.Debug|Any CPU.ActiveCfg = Debug|Any CPU
		{C6D8B531-4721-C0C0-CECF-EEE5D98A2200}.Debug|Any CPU.Build.0 = Debug|Any CPU
		{C6D8B531-4721-C0C0-CECF-EEE5D98A2200}.Release|Any CPU.ActiveCfg = Release|Any CPU
		{C6D8B531-4721-C0C0-CECF-EEE5D98A2200}.Release|Any CPU.Build.0 = Release|Any CPU
	EndGlobalSection
	GlobalSection(SolutionProperties) = preSolution
		HideSolutionNode = FALSE
	EndGlobalSection
	GlobalSection(NestedProjects) = preSolution
		{C6D8B531-4721-C0C0-CECF-EEE5D98A2200} = {382E42F6-F66E-7E5E-2FC9-3C7716629967}
	EndGlobalSection
	GlobalSection(ExtensibilityGlobals) = postSolution
		SolutionGuid = {C82D0DD1-B63D-48C0-886C-FAD42ADF3CE2}
	EndGlobalSection
EndGlobal
